lockfileVersion: '9.0'

settings:
  autoInstallPeers: true
  excludeLinksFromLockfile: false

importers:

  .:
    dependencies:
      '@envio-dev/hypersync-client':
        specifier: ^0.6.3
        version: 0.6.3
      '@types/node':
        specifier: ^20.10.3
        version: 20.17.17
      typescript:
        specifier: ^5.4.5
        version: 5.7.3

packages:

  '@envio-dev/hypersync-client-darwin-arm64@0.6.3':
    resolution: {integrity: sha512-w4OLJaq3lD03iXPJxLnPpoxOduvzCfEe2nYtamvIRLPB2SlbxnB5EF5dSyFs6WKh1x4PMsksQOUKeCcOtQPZow==}
    engines: {node: '>= 10'}
    cpu: [arm64]
    os: [darwin]

  '@envio-dev/hypersync-client-darwin-x64@0.6.3':
    resolution: {integrity: sha512-zh98zCbm2cse/iIzyMs1YCcA1iI1U/j4Yex1xBVaEa1ogzQSK9peS6M+NygzdmlwPqr7K9rUQ/U56ICRl67fWw==}
    engines: {node: '>= 10'}
    cpu: [x64]
    os: [darwin]

  '@envio-dev/hypersync-client-linux-arm64-gnu@0.6.3':
    resolution: {integrity: sha512-5pI0N6W7W0L7LpgN76BAWRsC+NPOvrlvBEq8IjlBUS47vqZALvcJj3gYNkm466tUBQ4q4tF1x48k7MFKtoO8aw==}
    engines: {node: '>= 10'}
    cpu: [arm64]
    os: [linux]

  '@envio-dev/hypersync-client-linux-x64-gnu@0.6.3':
    resolution: {integrity: sha512-jL3sxWVyTJuKdO5y/0tu1EtWSox+nJdpmr7rdVW1w0gLk4ewzWORp9cl5pXkpqM4MUsjJz+NkcQKsUquGYBkKg==}
    engines: {node: '>= 10'}
    cpu: [x64]
    os: [linux]

  '@envio-dev/hypersync-client-linux-x64-musl@0.6.3':
    resolution: {integrity: sha512-4rAh9x3PEWIweih731lWVEUGm+qrIHouElqZgXfTcZS6KkPeDnSYKVw10K5EyDuDtZla/NccEr0pJmcvpui5Ew==}
    engines: {node: '>= 10'}
    cpu: [x64]
    os: [linux]

  '@envio-dev/hypersync-client-win32-x64-msvc@0.6.3':
    resolution: {integrity: sha512-AINzLdjqU+y6ZiHnxorjFlrGNIw/AAJ80YXABYzokvGhDTF9qupjR1gdZo4sQEumgrRyg7fiG8QnsZVEm6V/zA==}
    engines: {node: '>= 10'}
    cpu: [x64]
    os: [win32]

  '@envio-dev/hypersync-client@0.6.3':
    resolution: {integrity: sha512-Lr5WyMZBK1cI++kAQLM/zd62NfUM60A3KWTKgeNew4NOghfoY5YZr99C7vo+CMYePXskYBR+ul+5iNPoHqkFrw==}
    engines: {node: '>= 10'}

  '@types/node@20.17.17':
    resolution: {integrity: sha512-/WndGO4kIfMicEQLTi/mDANUu/iVUhT7KboZPdEqqHQ4aTS+3qT3U5gIqWDFV+XouorjfgGqvKILJeHhuQgFYg==}

  typescript@5.7.3:
    resolution: {integrity: sha512-84MVSjMEHP+FQRPy3pX9sTVV/INIex71s9TL2Gm5FG/WG1SqXeKyZ0k7/blY/4FdOzI12CBy1vGc4og/eus0fw==}
    engines: {node: '>=14.17'}
    hasBin: true

  undici-types@6.19.8:
    resolution: {integrity: sha512-ve2KP6f/JnbPBFyobGHuerC9g1FYGn/F8n1LWTwNxCEzd6IfqTwUQcNXgEtmmQ6DlRrC1hrSrBnCZPokRrDHjw==}

snapshots:

  '@envio-dev/hypersync-client-darwin-arm64@0.6.3':
    optional: true

  '@envio-dev/hypersync-client-darwin-x64@0.6.3':
    optional: true

  '@envio-dev/hypersync-client-linux-arm64-gnu@0.6.3':
    optional: true

  '@envio-dev/hypersync-client-linux-x64-gnu@0.6.3':
    optional: true

  '@envio-dev/hypersync-client-linux-x64-musl@0.6.3':
    optional: true

  '@envio-dev/hypersync-client-win32-x64-msvc@0.6.3':
    optional: true

  '@envio-dev/hypersync-client@0.6.3':
    optionalDependencies:
      '@envio-dev/hypersync-client-darwin-arm64': 0.6.3
      '@envio-dev/hypersync-client-darwin-x64': 0.6.3
      '@envio-dev/hypersync-client-linux-arm64-gnu': 0.6.3
      '@envio-dev/hypersync-client-linux-x64-gnu': 0.6.3
      '@envio-dev/hypersync-client-linux-x64-musl': 0.6.3
      '@envio-dev/hypersync-client-win32-x64-msvc': 0.6.3

  '@types/node@20.17.17':
    dependencies:
      undici-types: 6.19.8

  typescript@5.7.3: {}

  undici-types@6.19.8: {}
